
Microsoft Visual Studio Solution File, Format Version 12.00
# Visual Studio 15
VisualStudioVersion = 15.0.28307.421
MinimumVisualStudioVersion = 10.0.40219.1
Project("{FAE04EC0-301F-11D3-BF4B-00C04F79EFBC}") = "Proxy server", "Proxy server\Proxy server.csproj", "{CAE46F1B-F98D-4DCD-BB7D-46454F6606CC}"
EndProject
Global
	GlobalSection(SolutionConfigurationPlatforms) = preSolution
		Debug|Any CPU = Debug|Any CPU
		Release|Any CPU = Release|Any CPU
	EndGlobalSection
	GlobalSection(ProjectConfigurationPlatforms) = postSolution
		{CAE46F1B-F98D-4DCD-BB7D-46454F6606CC}.Debug|Any CPU.ActiveCfg = Debug|Any CPU
		{CAE46F1B-F98D-4DCD-BB7D-46454F6606CC}.Debug|Any CPU.Build.0 = Debug|Any CPU
		{CAE46F1B-F98D-4DCD-BB7D-46454F6606CC}.Release|Any CPU.ActiveCfg = Release|Any CPU
		{CAE46F1B-F98D-4DCD-BB7D-46454F6606CC}.Release|Any CPU.Build.0 = Release|Any CPU
	EndGlobalSection
	GlobalSection(SolutionProperties) = preSolution
		HideSolutionNode = FALSE
	EndGlobalSection
	GlobalSection(ExtensibilityGlobals) = postSolution
		SolutionGuid = {A23DC05F-E258-4BCD-8B97-FB8FF611F10F}
	EndGlobalSection
EndGlobal
